# This file is automatically @generated by Cargo.
# It is not intended for manual editing.
version = 4

[[package]]
name = "sol-animation"
version = "0.1.0"
dependencies = [
 "sol-design",
]

[[package]]
name = "sol-design"
version = "0.1.0"

[[package]]
name = "sol-ui"
version = "0.1.0"
dependencies = [
 "sol-animation",
 "sol-design",
]

[[package]]
name = "solkit-component"
version = "0.1.0"
dependencies = [
 "sol-design",
 "sol-ui",
]
